
Microsoft Visual Studio Solution File, Format Version 12.00
# Visual Studio 14
VisualStudioVersion = 14.0.23107.0
MinimumVisualStudioVersion = 10.0.40219.1
Project("{FAE04EC0-301F-11D3-BF4B-00C04F79EFBC}") = "Itemise-It", "Itemise-It\Itemise-It.csproj", "{212C9704-EFC5-4524-BAE4-17DA8ADC9101}"
EndProject
Project("{FAE04EC0-301F-11D3-BF4B-00C04F79EFBC}") = "UpdateItemise-It", "UpdateItemise-It\UpdateItemise-It.csproj", "{A5148DCD-57F8-41C5-9C48-8426DC055E47}"
EndProject
Project("{FAE04EC0-301F-11D3-BF4B-00C04F79EFBC}") = "RiotApiDAL", "RiotApiDAL\RiotApiDAL.csproj", "{455A5ABA-A78F-47CD-96BA-68A8F700EE26}"
EndProject
Global
	GlobalSection(SolutionConfigurationPlatforms) = preSolution
		Debug|Any CPU = Debug|Any CPU
		Debug|ARM = Debug|ARM
		Debug|x64 = Debug|x64
		Debug|x86 = Debug|x86
		Release|Any CPU = Release|Any CPU
		Release|ARM = Release|ARM
		Release|x64 = Release|x64
		Release|x86 = Release|x86
	EndGlobalSection
	GlobalSection(ProjectConfigurationPlatforms) = postSolution
		{212C9704-EFC5-4524-BAE4-17DA8ADC9101}.Debug|Any CPU.ActiveCfg = Debug|Any CPU
		{212C9704-EFC5-4524-BAE4-17DA8ADC9101}.Debug|Any CPU.Build.0 = Debug|Any CPU
		{212C9704-EFC5-4524-BAE4-17DA8ADC9101}.Debug|ARM.ActiveCfg = Debug|Any CPU
		{212C9704-EFC5-4524-BAE4-17DA8ADC9101}.Debug|ARM.Build.0 = Debug|Any CPU
		{212C9704-EFC5-4524-BAE4-17DA8ADC9101}.Debug|x64.ActiveCfg = Debug|Any CPU
		{212C9704-EFC5-4524-BAE4-17DA8ADC9101}.Debug|x64.Build.0 = Debug|Any CPU
		{212C9704-EFC5-4524-BAE4-17DA8ADC9101}.Debug|x86.ActiveCfg = Debug|Any CPU
		{212C9704-EFC5-4524-BAE4-17DA8ADC9101}.Debug|x86.Build.0 = Debug|Any CPU
		{212C9704-EFC5-4524-BAE4-17DA8ADC9101}.Release|Any CPU.ActiveCfg = Release|Any CPU
		{212C9704-EFC5-4524-BAE4-17DA8ADC9101}.Release|Any CPU.Build.0 = Release|Any CPU
		{212C9704-EFC5-4524-BAE4-17DA8ADC9101}.Release|ARM.ActiveCfg = Release|Any CPU
		{212C9704-EFC5-4524-BAE4-17DA8ADC9101}.Release|ARM.Build.0 = Release|Any CPU
		{212C9704-EFC5-4524-BAE4-17DA8ADC9101}.Release|x64.ActiveCfg = Release|Any CPU
		{212C9704-EFC5-4524-BAE4-17DA8ADC9101}.Release|x64.Build.0 = Release|Any CPU
		{212C9704-EFC5-4524-BAE4-17DA8ADC9101}.Release|x86.ActiveCfg = Release|Any CPU
		{212C9704-EFC5-4524-BAE4-17DA8ADC9101}.Release|x86.Build.0 = Release|Any CPU
		{A5148DCD-57F8-41C5-9C48-8426DC055E47}.Debug|Any CPU.ActiveCfg = Debug|Any CPU
		{A5148DCD-57F8-41C5-9C48-8426DC055E47}.Debug|Any CPU.Build.0 = Debug|Any CPU
		{A5148DCD-57F8-41C5-9C48-8426DC055E47}.Debug|ARM.ActiveCfg = Debug|Any CPU
		{A5148DCD-57F8-41C5-9C48-8426DC055E47}.Debug|ARM.Build.0 = Debug|Any CPU
		{A5148DCD-57F8-41C5-9C48-8426DC055E47}.Debug|x64.ActiveCfg = Debug|Any CPU
		{A5148DCD-57F8-41C5-9C48-8426DC055E47}.Debug|x64.Build.0 = Debug|Any CPU
		{A5148DCD-57F8-41C5-9C48-8426DC055E47}.Debug|x86.ActiveCfg = Debug|Any CPU
		{A5148DCD-57F8-41C5-9C48-8426DC055E47}.Debug|x86.Build.0 = Debug|Any CPU
		{A5148DCD-57F8-41C5-9C48-8426DC055E47}.Release|Any CPU.ActiveCfg = Release|Any CPU
		{A5148DCD-57F8-41C5-9C48-8426DC055E47}.Release|Any CPU.Build.0 = Release|Any CPU
		{A5148DCD-57F8-41C5-9C48-8426DC055E47}.Release|ARM.ActiveCfg = Release|Any CPU
		{A5148DCD-57F8-41C5-9C48-8426DC055E47}.Release|ARM.Build.0 = Release|Any CPU
		{A5148DCD-57F8-41C5-9C48-8426DC055E47}.Release|x64.ActiveCfg = Release|Any CPU
		{A5148DCD-57F8-41C5-9C48-8426DC055E47}.Release|x64.Build.0 = Release|Any CPU
		{A5148DCD-57F8-41C5-9C48-8426DC055E47}.Release|x86.ActiveCfg = Release|Any CPU
		{A5148DCD-57F8-41C5-9C48-8426DC055E47}.Release|x86.Build.0 = Release|Any CPU
		{455A5ABA-A78F-47CD-96BA-68A8F700EE26}.Debug|Any CPU.ActiveCfg = Debug|Any CPU
		{455A5ABA-A78F-47CD-96BA-68A8F700EE26}.Debug|Any CPU.Build.0 = Debug|Any CPU
		{455A5ABA-A78F-47CD-96BA-68A8F700EE26}.Debug|ARM.ActiveCfg = Debug|Any CPU
		{455A5ABA-A78F-47CD-96BA-68A8F700EE26}.Debug|ARM.Build.0 = Debug|Any CPU
		{455A5ABA-A78F-47CD-96BA-68A8F700EE26}.Debug|x64.ActiveCfg = Debug|Any CPU
		{455A5ABA-A78F-47CD-96BA-68A8F700EE26}.Debug|x64.Build.0 = Debug|Any CPU
		{455A5ABA-A78F-47CD-96BA-68A8F700EE26}.Debug|x86.ActiveCfg = Debug|Any CPU
		{455A5ABA-A78F-47CD-96BA-68A8F700EE26}.Debug|x86.Build.0 = Debug|Any CPU
		{455A5ABA-A78F-47CD-96BA-68A8F700EE26}.Release|Any CPU.ActiveCfg = Release|Any CPU
		{455A5ABA-A78F-47CD-96BA-68A8F700EE26}.Release|Any CPU.Build.0 = Release|Any CPU
		{455A5ABA-A78F-47CD-96BA-68A8F700EE26}.Release|ARM.ActiveCfg = Release|Any CPU
		{455A5ABA-A78F-47CD-96BA-68A8F700EE26}.Release|ARM.Build.0 = Release|Any CPU
		{455A5ABA-A78F-47CD-96BA-68A8F700EE26}.Release|x64.ActiveCfg = Release|Any CPU
		{455A5ABA-A78F-47CD-96BA-68A8F700EE26}.Release|x64.Build.0 = Release|Any CPU
		{455A5ABA-A78F-47CD-96BA-68A8F700EE26}.Release|x86.ActiveCfg = Release|Any CPU
		{455A5ABA-A78F-47CD-96BA-68A8F700EE26}.Release|x86.Build.0 = Release|Any CPU
	EndGlobalSection
	GlobalSection(SolutionProperties) = preSolution
		HideSolutionNode = FALSE
	EndGlobalSection
EndGlobal
